
Microsoft Visual Studio Solution File, Format Version 12.00
# Visual Studio Version 17
VisualStudioVersion = 17.0.31903.59
MinimumVisualStudioVersion = 10.0.40219.1
Project("{9A19103F-16F7-4668-BE54-9A1E7A4F7556}") = "btr.winform", "btr.winform\btr.winform.csproj", "{D32ACCBD-8AFA-405C-BF10-B862C581B27F}"
EndProject
Project("{9A19103F-16F7-4668-BE54-9A1E7A4F7556}") = "btr.domain", "btr.domain\btr.domain.csproj", "{D080B21C-4B90-47E0-9969-5C121BE67203}"
EndProject
Project("{9A19103F-16F7-4668-BE54-9A1E7A4F7556}") = "btr.application", "btr.application\btr.application.csproj", "{B92EC186-B24D-4045-B452-11FFCEDFE692}"
EndProject
Project("{9A19103F-16F7-4668-BE54-9A1E7A4F7556}") = "btr.infrastructure", "btr.infrastructure\btr.infrastructure.csproj", "{55A8A4CA-FC45-4143-A526-79ADF7628480}"
EndProject
Project("{00D1A9C2-B5F0-4AF3-8072-F6C62B433612}") = "btr.sql", "btr.sql\btr.sql.sqlproj", "{6D4731A8-43BC-41B8-9E60-5F3E78F9F155}"
EndProject
Project("{2150E333-8FDC-42A3-9474-1A3956D46DE8}") = "Solution Items", "Solution Items", "{227717BE-C341-419F-94F1-398A9608EACC}"
	ProjectSection(SolutionItems) = preProject
		.editorconfig = .editorconfig
		context-design-btr-app.md = context-design-btr-app.md
	EndProjectSection
EndProject
Project("{9A19103F-16F7-4668-BE54-9A1E7A4F7556}") = "btr.test", "btr.test\btr.test.csproj", "{9403C973-649D-485F-BBF1-D9EA74B5510C}"
EndProject
Project("{2150E333-8FDC-42A3-9474-1A3956D46DE8}") = "db", "db", "{A36D8D48-20DB-4E2E-8EB7-E8AD7F239FC0}"
EndProject
Project("{2150E333-8FDC-42A3-9474-1A3956D46DE8}") = "src", "src", "{FF4076C0-1315-49FE-BAAF-774372824991}"
EndProject
Project("{2150E333-8FDC-42A3-9474-1A3956D46DE8}") = "test", "test", "{221E1607-FBB0-4844-BB18-925484AF59E5}"
EndProject
Global
	GlobalSection(SolutionConfigurationPlatforms) = preSolution
		Debug|Any CPU = Debug|Any CPU
		Release|Any CPU = Release|Any CPU
	EndGlobalSection
	GlobalSection(ProjectConfigurationPlatforms) = postSolution
		{D32ACCBD-8AFA-405C-BF10-B862C581B27F}.Debug|Any CPU.ActiveCfg = Debug|Any CPU
		{D32ACCBD-8AFA-405C-BF10-B862C581B27F}.Debug|Any CPU.Build.0 = Debug|Any CPU
		{D32ACCBD-8AFA-405C-BF10-B862C581B27F}.Release|Any CPU.ActiveCfg = Release|Any CPU
		{D32ACCBD-8AFA-405C-BF10-B862C581B27F}.Release|Any CPU.Build.0 = Release|Any CPU
		{D080B21C-4B90-47E0-9969-5C121BE67203}.Debug|Any CPU.ActiveCfg = Debug|Any CPU
		{D080B21C-4B90-47E0-9969-5C121BE67203}.Debug|Any CPU.Build.0 = Debug|Any CPU
		{D080B21C-4B90-47E0-9969-5C121BE67203}.Release|Any CPU.ActiveCfg = Release|Any CPU
		{D080B21C-4B90-47E0-9969-5C121BE67203}.Release|Any CPU.Build.0 = Release|Any CPU
		{B92EC186-B24D-4045-B452-11FFCEDFE692}.Debug|Any CPU.ActiveCfg = Debug|Any CPU
		{B92EC186-B24D-4045-B452-11FFCEDFE692}.Debug|Any CPU.Build.0 = Debug|Any CPU
		{B92EC186-B24D-4045-B452-11FFCEDFE692}.Release|Any CPU.ActiveCfg = Release|Any CPU
		{B92EC186-B24D-4045-B452-11FFCEDFE692}.Release|Any CPU.Build.0 = Release|Any CPU
		{55A8A4CA-FC45-4143-A526-79ADF7628480}.Debug|Any CPU.ActiveCfg = Debug|Any CPU
		{55A8A4CA-FC45-4143-A526-79ADF7628480}.Debug|Any CPU.Build.0 = Debug|Any CPU
		{55A8A4CA-FC45-4143-A526-79ADF7628480}.Release|Any CPU.ActiveCfg = Release|Any CPU
		{55A8A4CA-FC45-4143-A526-79ADF7628480}.Release|Any CPU.Build.0 = Release|Any CPU
		{6D4731A8-43BC-41B8-9E60-5F3E78F9F155}.Debug|Any CPU.ActiveCfg = Debug|Any CPU
		{6D4731A8-43BC-41B8-9E60-5F3E78F9F155}.Debug|Any CPU.Build.0 = Debug|Any CPU
		{6D4731A8-43BC-41B8-9E60-5F3E78F9F155}.Debug|Any CPU.Deploy.0 = Debug|Any CPU
		{6D4731A8-43BC-41B8-9E60-5F3E78F9F155}.Release|Any CPU.ActiveCfg = Release|Any CPU
		{6D4731A8-43BC-41B8-9E60-5F3E78F9F155}.Release|Any CPU.Build.0 = Release|Any CPU
		{6D4731A8-43BC-41B8-9E60-5F3E78F9F155}.Release|Any CPU.Deploy.0 = Release|Any CPU
		{9403C973-649D-485F-BBF1-D9EA74B5510C}.Debug|Any CPU.ActiveCfg = Debug|Any CPU
		{9403C973-649D-485F-BBF1-D9EA74B5510C}.Debug|Any CPU.Build.0 = Debug|Any CPU
		{9403C973-649D-485F-BBF1-D9EA74B5510C}.Release|Any CPU.ActiveCfg = Release|Any CPU
		{9403C973-649D-485F-BBF1-D9EA74B5510C}.Release|Any CPU.Build.0 = Release|Any CPU
	EndGlobalSection
	GlobalSection(SolutionProperties) = preSolution
		HideSolutionNode = FALSE
	EndGlobalSection
	GlobalSection(NestedProjects) = preSolution
		{D32ACCBD-8AFA-405C-BF10-B862C581B27F} = {FF4076C0-1315-49FE-BAAF-774372824991}
		{D080B21C-4B90-47E0-9969-5C121BE67203} = {FF4076C0-1315-49FE-BAAF-774372824991}
		{B92EC186-B24D-4045-B452-11FFCEDFE692} = {FF4076C0-1315-49FE-BAAF-774372824991}
		{55A8A4CA-FC45-4143-A526-79ADF7628480} = {FF4076C0-1315-49FE-BAAF-774372824991}
		{6D4731A8-43BC-41B8-9E60-5F3E78F9F155} = {A36D8D48-20DB-4E2E-8EB7-E8AD7F239FC0}
		{9403C973-649D-485F-BBF1-D9EA74B5510C} = {221E1607-FBB0-4844-BB18-925484AF59E5}
	EndGlobalSection
	GlobalSection(ExtensibilityGlobals) = postSolution
		SolutionGuid = {CF0B4184-49C3-497D-8E17-F822137A56BF}
	EndGlobalSection
EndGlobal
